// !$*UTF8*$!
{
	archiveVersion = 1;
	classes = {
	};
	objectVersion = 46;
	objects = {

/* Begin PBXBuildFile section */
		292B00BA1B1DB91F006ABF4D /* main.m in Sources */ = {isa = PBXBuildFile; fileRef = 292B00B91B1DB91F006ABF4D /* main.m */; };
		292B00BD1B1DB91F006ABF4D /* AppDelegate.m in Sources */ = {isa = PBXBuildFile; fileRef = 292B00BC1B1DB91F006ABF4D /* AppDelegate.m */; };
		292B00C01B1DB91F006ABF4D /* tableRefresh.xcdatamodeld in Sources */ = {isa = PBXBuildFile; fileRef = 292B00BE1B1DB91F006ABF4D /* tableRefresh.xcdatamodeld */; };
		292B00C31B1DB91F006ABF4D /* ViewController.m in Sources */ = {isa = PBXBuildFile; fileRef = 292B00C21B1DB91F006ABF4D /* ViewController.m */; };
		292B00C61B1DB91F006ABF4D /* Main.storyboard in Resources */ = {isa = PBXBuildFile; fileRef = 292B00C41B1DB91F006ABF4D /* Main.storyboard */; };
		292B00C81B1DB91F006ABF4D /* Images.xcassets in Resources */ = {isa = PBXBuildFile; fileRef = 292B00C71B1DB91F006ABF4D /* Images.xcassets */; };
		292B00CB1B1DB91F006ABF4D /* LaunchScreen.xib in Resources */ = {isa = PBXBuildFile; fileRef = 292B00C91B1DB91F006ABF4D /* LaunchScreen.xib */; };
		292B00D71B1DB91F006ABF4D /* tableRefreshTests.m in Sources */ = {isa = PBXBuildFile; fileRef = 292B00D61B1DB91F006ABF4D /* tableRefreshTests.m */; };
		292B01061B1DB9D6006ABF4D /* AFHTTPRequestOperation.m in Sources */ = {isa = PBXBuildFile; fileRef = 292B00E21B1DB9D6006ABF4D /* AFHTTPRequestOperation.m */; };
		292B01071B1DB9D6006ABF4D /* AFHTTPRequestOperationManager.m in Sources */ = {isa = PBXBuildFile; fileRef = 292B00E41B1DB9D6006ABF4D /* AFHTTPRequestOperationManager.m */; };
		292B01081B1DB9D6006ABF4D /* AFHTTPSessionManager.m in Sources */ = {isa = PBXBuildFile; fileRef = 292B00E61B1DB9D6006ABF4D /* AFHTTPSessionManager.m */; };
		292B01091B1DB9D6006ABF4D /* AFNetworkReachabilityManager.m in Sources */ = {isa = PBXBuildFile; fileRef = 292B00E91B1DB9D6006ABF4D /* AFNetworkReachabilityManager.m */; };
		292B010A1B1DB9D6006ABF4D /* AFSecurityPolicy.m in Sources */ = {isa = PBXBuildFile; fileRef = 292B00EB1B1DB9D6006ABF4D /* AFSecurityPolicy.m */; };
		292B010B1B1DB9D6006ABF4D /* AFURLConnectionOperation.m in Sources */ = {isa = PBXBuildFile; fileRef = 292B00ED1B1DB9D6006ABF4D /* AFURLConnectionOperation.m */; };
		292B010C1B1DB9D6006ABF4D /* AFURLRequestSerialization.m in Sources */ = {isa = PBXBuildFile; fileRef = 292B00EF1B1DB9D6006ABF4D /* AFURLRequestSerialization.m */; };
		292B010D1B1DB9D6006ABF4D /* AFURLResponseSerialization.m in Sources */ = {isa = PBXBuildFile; fileRef = 292B00F11B1DB9D6006ABF4D /* AFURLResponseSerialization.m */; };
		292B010E1B1DB9D6006ABF4D /* AFURLSessionManager.m in Sources */ = {isa = PBXBuildFile; fileRef = 292B00F31B1DB9D6006ABF4D /* AFURLSessionManager.m */; };
		292B010F1B1DB9D6006ABF4D /* AFNetworkActivityIndicatorManager.m in Sources */ = {isa = PBXBuildFile; fileRef = 292B00F61B1DB9D6006ABF4D /* AFNetworkActivityIndicatorManager.m */; };
		292B01101B1DB9D6006ABF4D /* UIActivityIndicatorView+AFNetworking.m in Sources */ = {isa = PBXBuildFile; fileRef = 292B00F81B1DB9D6006ABF4D /* UIActivityIndicatorView+AFNetworking.m */; };
		292B01111B1DB9D6006ABF4D /* UIAlertView+AFNetworking.m in Sources */ = {isa = PBXBuildFile; fileRef = 292B00FA1B1DB9D6006ABF4D /* UIAlertView+AFNetworking.m */; };
		292B01121B1DB9D6006ABF4D /* UIButton+AFNetworking.m in Sources */ = {isa = PBXBuildFile; fileRef = 292B00FC1B1DB9D6006ABF4D /* UIButton+AFNetworking.m */; };
		292B01131B1DB9D6006ABF4D /* UIImageView+AFNetworking.m in Sources */ = {isa = PBXBuildFile; fileRef = 292B00FE1B1DB9D6006ABF4D /* UIImageView+AFNetworking.m */; };
		292B01141B1DB9D6006ABF4D /* UIProgressView+AFNetworking.m in Sources */ = {isa = PBXBuildFile; fileRef = 292B01011B1DB9D6006ABF4D /* UIProgressView+AFNetworking.m */; };
		292B01151B1DB9D6006ABF4D /* UIRefreshControl+AFNetworking.m in Sources */ = {isa = PBXBuildFile; fileRef = 292B01031B1DB9D6006ABF4D /* UIRefreshControl+AFNetworking.m */; };
		292B01161B1DB9D6006ABF4D /* UIWebView+AFNetworking.m in Sources */ = {isa = PBXBuildFile; fileRef = 292B01051B1DB9D6006ABF4D /* UIWebView+AFNetworking.m */; };
		292B01191B1EF84B006ABF4D /* TableViewCell.m in Sources */ = {isa = PBXBuildFile; fileRef = 292B01181B1EF84B006ABF4D /* TableViewCell.m */; };
		292B012A1B1F00B4006ABF4D /* AsyncImageView.m in Sources */ = {isa = PBXBuildFile; fileRef = 292B01291B1F00B4006ABF4D /* AsyncImageView.m */; };
/* End PBXBuildFile section */

/* Begin PBXContainerItemProxy section */
		292B00D11B1DB91F006ABF4D /* PBXContainerItemProxy */ = {
			isa = PBXContainerItemProxy;
			containerPortal = 292B00AC1B1DB91F006ABF4D /* Project object */;
			proxyType = 1;
			remoteGlobalIDString = 292B00B31B1DB91F006ABF4D;
			remoteInfo = tableRefresh;
		};
/* End PBXContainerItemProxy section */

/* Begin PBXFileReference section */
		292B00B41B1DB91F006ABF4D /* tableRefresh.app */ = {isa = PBXFileReference; explicitFileType = wrapper.application; includeInIndex = 0; path = tableRefresh.app; sourceTree = BUILT_PRODUCTS_DIR; };
		292B00B81B1DB91F006ABF4D /* Info.plist */ = {isa = PBXFileReference; lastKnownFileType = text.plist.xml; path = Info.plist; sourceTree = "<group>"; };
		292B00B91B1DB91F006ABF4D /* main.m */ = {isa = PBXFileReference; lastKnownFileType = sourcecode.c.objc; path = main.m; sourceTree = "<group>"; };
		292B00BB1B1DB91F006ABF4D /* AppDelegate.h */ = {isa = PBXFileReference; lastKnownFileType = sourcecode.c.h; path = AppDelegate.h; sourceTree = "<group>"; };
		292B00BC1B1DB91F006ABF4D /* AppDelegate.m */ = {isa = PBXFileReference; lastKnownFileType = sourcecode.c.objc; path = AppDelegate.m; sourceTree = "<group>"; };
		292B00BF1B1DB91F006ABF4D /* tableRefresh.xcdatamodel */ = {isa = PBXFileReference; lastKnownFileType = wrapper.xcdatamodel; path = tableRefresh.xcdatamodel; sourceTree = "<group>"; };
		292B00C11B1DB91F006ABF4D /* ViewController.h */ = {isa = PBXFileReference; lastKnownFileType = sourcecode.c.h; path = ViewController.h; sourceTree = "<group>"; };
		292B00C21B1DB91F006ABF4D /* ViewController.m */ = {isa = PBXFileReference; lastKnownFileType = sourcecode.c.objc; path = ViewController.m; sourceTree = "<group>"; };
		292B00C51B1DB91F006ABF4D /* Base */ = {isa = PBXFileReference; lastKnownFileType = file.storyboard; name = Base; path = Base.lproj/Main.storyboard; sourceTree = "<group>"; };
		292B00C71B1DB91F006ABF4D /* Images.xcassets */ = {isa = PBXFileReference; lastKnownFileType = folder.assetcatalog; path = Images.xcassets; sourceTree = "<group>"; };
		292B00CA1B1DB91F006ABF4D /* Base */ = {isa = PBXFileReference; lastKnownFileType = file.xib; name = Base; path = Base.lproj/LaunchScreen.xib; sourceTree = "<group>"; };
		292B00D01B1DB91F006ABF4D /* tableRefreshTests.xctest */ = {isa = PBXFileReference; explicitFileType = wrapper.cfbundle; includeInIndex = 0; path = tableRefreshTests.xctest; sourceTree = BUILT_PRODUCTS_DIR; };
		292B00D51B1DB91F006ABF4D /* Info.plist */ = {isa = PBXFileReference; lastKnownFileType = text.plist.xml; path = Info.plist; sourceTree = "<group>"; };
		292B00D61B1DB91F006ABF4D /* tableRefreshTests.m */ = {isa = PBXFileReference; lastKnownFileType = sourcecode.c.objc; path = tableRefreshTests.m; sourceTree = "<group>"; };
		292B00E11B1DB9D6006ABF4D /* AFHTTPRequestOperation.h */ = {isa = PBXFileReference; fileEncoding = 4; lastKnownFileType = sourcecode.c.h; path = AFHTTPRequestOperation.h; sourceTree = "<group>"; };
		292B00E21B1DB9D6006ABF4D /* AFHTTPRequestOperation.m */ = {isa = PBXFileReference; fileEncoding = 4; lastKnownFileType = sourcecode.c.objc; path = AFHTTPRequestOperation.m; sourceTree = "<group>"; };
		292B00E31B1DB9D6006ABF4D /* AFHTTPRequestOperationManager.h */ = {isa = PBXFileReference; fileEncoding = 4; lastKnownFileType = sourcecode.c.h; path = AFHTTPRequestOperationManager.h; sourceTree = "<group>"; };
		292B00E41B1DB9D6006ABF4D /* AFHTTPRequestOperationManager.m */ = {isa = PBXFileReference; fileEncoding = 4; lastKnownFileType = sourcecode.c.objc; path = AFHTTPRequestOperationManager.m; sourceTree = "<group>"; };
		292B00E51B1DB9D6006ABF4D /* AFHTTPSessionManager.h */ = {isa = PBXFileReference; fileEncoding = 4; lastKnownFileType = sourcecode.c.h; path = AFHTTPSessionManager.h; sourceTree = "<group>"; };
		292B00E61B1DB9D6006ABF4D /* AFHTTPSessionManager.m */ = {isa = PBXFileReference; fileEncoding = 4; lastKnownFileType = sourcecode.c.objc; path = AFHTTPSessionManager.m; sourceTree = "<group>"; };
		292B00E71B1DB9D6006ABF4D /* AFNetworking.h */ = {isa = PBXFileReference; fileEncoding = 4; lastKnownFileType = sourcecode.c.h; path = AFNetworking.h; sourceTree = "<group>"; };
		292B00E81B1DB9D6006ABF4D /* AFNetworkReachabilityManager.h */ = {isa = PBXFileReference; fileEncoding = 4; lastKnownFileType = sourcecode.c.h; path = AFNetworkReachabilityManager.h; sourceTree = "<group>"; };
		292B00E91B1DB9D6006ABF4D /* AFNetworkReachabilityManager.m */ = {isa = PBXFileReference; fileEncoding = 4; lastKnownFileType = sourcecode.c.objc; path = AFNetworkReachabilityManager.m; sourceTree = "<group>"; };
		292B00EA1B1DB9D6006ABF4D /* AFSecurityPolicy.h */ = {isa = PBXFileReference; fileEncoding = 4; lastKnownFileType = sourcecode.c.h; path = AFSecurityPolicy.h; sourceTree = "<group>"; };
		292B00EB1B1DB9D6006ABF4D /* AFSecurityPolicy.m */ = {isa = PBXFileReference; fileEncoding = 4; lastKnownFileType = sourcecode.c.objc; path = AFSecurityPolicy.m; sourceTree = "<group>"; };
		292B00EC1B1DB9D6006ABF4D /* AFURLConnectionOperation.h */ = {isa = PBXFileReference; fileEncoding = 4; lastKnownFileType = sourcecode.c.h; path = AFURLConnectionOperation.h; sourceTree = "<group>"; };
		292B00ED1B1DB9D6006ABF4D /* AFURLConnectionOperation.m */ = {isa = PBXFileReference; fileEncoding = 4; lastKnownFileType = sourcecode.c.objc; path = AFURLConnectionOperation.m; sourceTree = "<group>"; };
		292B00EE1B1DB9D6006ABF4D /* AFURLRequestSerialization.h */ = {isa = PBXFileReference; fileEncoding = 4; lastKnownFileType = sourcecode.c.h; path = AFURLRequestSerialization.h; sourceTree = "<group>"; };
		292B00EF1B1DB9D6006ABF4D /* AFURLRequestSerialization.m */ = {isa = PBXFileReference; fileEncoding = 4; lastKnownFileType = sourcecode.c.objc; path = AFURLRequestSerialization.m; sourceTree = "<group>"; };
		292B00F01B1DB9D6006ABF4D /* AFURLResponseSerialization.h */ = {isa = PBXFileReference; fileEncoding = 4; lastKnownFileType = sourcecode.c.h; path = AFURLResponseSerialization.h; sourceTree = "<group>"; };
		292B00F11B1DB9D6006ABF4D /* AFURLResponseSerialization.m */ = {isa = PBXFileReference; fileEncoding = 4; lastKnownFileType = sourcecode.c.objc; path = AFURLResponseSerialization.m; sourceTree = "<group>"; };
		292B00F21B1DB9D6006ABF4D /* AFURLSessionManager.h */ = {isa = PBXFileReference; fileEncoding = 4; lastKnownFileType = sourcecode.c.h; path = AFURLSessionManager.h; sourceTree = "<group>"; };
		292B00F31B1DB9D6006ABF4D /* AFURLSessionManager.m */ = {isa = PBXFileReference; fileEncoding = 4; lastKnownFileType = sourcecode.c.objc; path = AFURLSessionManager.m; sourceTree = "<group>"; };
		292B00F51B1DB9D6006ABF4D /* AFNetworkActivityIndicatorManager.h */ = {isa = PBXFileReference; fileEncoding = 4; lastKnownFileType = sourcecode.c.h; path = AFNetworkActivityIndicatorManager.h; sourceTree = "<group>"; };
		292B00F61B1DB9D6006ABF4D /* AFNetworkActivityIndicatorManager.m */ = {isa = PBXFileReference; fileEncoding = 4; lastKnownFileType = sourcecode.c.objc; path = AFNetworkActivityIndicatorManager.m; sourceTree = "<group>"; };
		292B00F71B1DB9D6006ABF4D /* UIActivityIndicatorView+AFNetworking.h */ = {isa = PBXFileReference; fileEncoding = 4; lastKnownFileType = sourcecode.c.h; path = "UIActivityIndicatorView+AFNetworking.h"; sourceTree = "<group>"; };
		292B00F81B1DB9D6006ABF4D /* UIActivityIndicatorView+AFNetworking.m */ = {isa = PBXFileReference; fileEncoding = 4; lastKnownFileType = sourcecode.c.objc; path = "UIActivityIndicatorView+AFNetworking.m"; sourceTree = "<group>"; };
		292B00F91B1DB9D6006ABF4D /* UIAlertView+AFNetworking.h */ = {isa = PBXFileReference; fileEncoding = 4; lastKnownFileType = sourcecode.c.h; path = "UIAlertView+AFNetworking.h"; sourceTree = "<group>"; };
		292B00FA1B1DB9D6006ABF4D /* UIAlertView+AFNetworking.m */ = {isa = PBXFileReference; fileEncoding = 4; lastKnownFileType = sourcecode.c.objc; path = "UIAlertView+AFNetworking.m"; sourceTree = "<group>"; };
		292B00FB1B1DB9D6006ABF4D /* UIButton+AFNetworking.h */ = {isa = PBXFileReference; fileEncoding = 4; lastKnownFileType = sourcecode.c.h; path = "UIButton+AFNetworking.h"; sourceTree = "<group>"; };
		292B00FC1B1DB9D6006ABF4D /* UIButton+AFNetworking.m */ = {isa = PBXFileReference; fileEncoding = 4; lastKnownFileType = sourcecode.c.objc; path = "UIButton+AFNetworking.m"; sourceTree = "<group>"; };
		292B00FD1B1DB9D6006ABF4D /* UIImageView+AFNetworking.h */ = {isa = PBXFileReference; fileEncoding = 4; lastKnownFileType = sourcecode.c.h; path = "UIImageView+AFNetworking.h"; sourceTree = "<group>"; };
		292B00FE1B1DB9D6006ABF4D /* UIImageView+AFNetworking.m */ = {isa = PBXFileReference; fileEncoding = 4; lastKnownFileType = sourcecode.c.objc; path = "UIImageView+AFNetworking.m"; sourceTree = "<group>"; };
		292B00FF1B1DB9D6006ABF4D /* UIKit+AFNetworking.h */ = {isa = PBXFileReference; fileEncoding = 4; lastKnownFileType = sourcecode.c.h; path = "UIKit+AFNetworking.h"; sourceTree = "<group>"; };
		292B01001B1DB9D6006ABF4D /* UIProgressView+AFNetworking.h */ = {isa = PBXFileReference; fileEncoding = 4; lastKnownFileType = sourcecode.c.h; path = "UIProgressView+AFNetworking.h"; sourceTree = "<group>"; };
		292B01011B1DB9D6006ABF4D /* UIProgressView+AFNetworking.m */ = {isa = PBXFileReference; fileEncoding = 4; lastKnownFileType = sourcecode.c.objc; path = "UIProgressView+AFNetworking.m"; sourceTree = "<group>"; };
		292B01021B1DB9D6006ABF4D /* UIRefreshControl+AFNetworking.h */ = {isa = PBXFileReference; fileEncoding = 4; lastKnownFileType = sourcecode.c.h; path = "UIRefreshControl+AFNetworking.h"; sourceTree = "<group>"; };
		292B01031B1DB9D6006ABF4D /* UIRefreshControl+AFNetworking.m */ = {isa = PBXFileReference; fileEncoding = 4; lastKnownFileType = sourcecode.c.objc; path = "UIRefreshControl+AFNetworking.m"; sourceTree = "<group>"; };
		292B01041B1DB9D6006ABF4D /* UIWebView+AFNetworking.h */ = {isa = PBXFileReference; fileEncoding = 4; lastKnownFileType = sourcecode.c.h; path = "UIWebView+AFNetworking.h"; sourceTree = "<group>"; };
		292B01051B1DB9D6006ABF4D /* UIWebView+AFNetworking.m */ = {isa = PBXFileReference; fileEncoding = 4; lastKnownFileType = sourcecode.c.objc; path = "UIWebView+AFNetworking.m"; sourceTree = "<group>"; };
		292B01171B1EF84B006ABF4D /* TableViewCell.h */ = {isa = PBXFileReference; fileEncoding = 4; lastKnownFileType = sourcecode.c.h; path = TableViewCell.h; sourceTree = "<group>"; };
		292B01181B1EF84B006ABF4D /* TableViewCell.m */ = {isa = PBXFileReference; fileEncoding = 4; lastKnownFileType = sourcecode.c.objc; path = TableViewCell.m; sourceTree = "<group>"; };
		292B01281B1F00B4006ABF4D /* AsyncImageView.h */ = {isa = PBXFileReference; fileEncoding = 4; lastKnownFileType = sourcecode.c.h; path = AsyncImageView.h; sourceTree = "<group>"; };
		292B01291B1F00B4006ABF4D /* AsyncImageView.m */ = {isa = PBXFileReference; fileEncoding = 4; lastKnownFileType = sourcecode.c.objc; path = AsyncImageView.m; sourceTree = "<group>"; };
/* End PBXFileReference section */

/* Begin PBXFrameworksBuildPhase section */
		292B00B11B1DB91F006ABF4D /* Frameworks */ = {
			isa = PBXFrameworksBuildPhase;
			buildActionMask = 2147483647;
			files = (
			);
			runOnlyForDeploymentPostprocessing = 0;
		};
		292B00CD1B1DB91F006ABF4D /* Frameworks */ = {
			isa = PBXFrameworksBuildPhase;
			buildActionMask = 2147483647;
			files = (
			);
			runOnlyForDeploymentPostprocessing = 0;
		};
/* End PBXFrameworksBuildPhase section */

/* Begin PBXGroup section */
		292B00AB1B1DB91F006ABF4D = {
			isa = PBXGroup;
			children = (
				292B01271B1F00B4006ABF4D /* AsyncImageView */,
				292B00E01B1DB9D6006ABF4D /* AFNetworking */,
				292B00F41B1DB9D6006ABF4D /* UIKit+AFNetworking */,
				292B00B61B1DB91F006ABF4D /* tableRefresh */,
				292B00D31B1DB91F006ABF4D /* tableRefreshTests */,
				292B00B51B1DB91F006ABF4D /* Products */,
			);
			sourceTree = "<group>";
		};
		292B00B51B1DB91F006ABF4D /* Products */ = {
			isa = PBXGroup;
			children = (
				292B00B41B1DB91F006ABF4D /* tableRefresh.app */,
				292B00D01B1DB91F006ABF4D /* tableRefreshTests.xctest */,
			);
			name = Products;
			sourceTree = "<group>";
		};
		292B00B61B1DB91F006ABF4D /* tableRefresh */ = {
			isa = PBXGroup;
			children = (
				292B00BB1B1DB91F006ABF4D /* AppDelegate.h */,
				292B00BC1B1DB91F006ABF4D /* AppDelegate.m */,
				292B00C11B1DB91F006ABF4D /* ViewController.h */,
				292B00C21B1DB91F006ABF4D /* ViewController.m */,
				292B00C41B1DB91F006ABF4D /* Main.storyboard */,
				292B00C71B1DB91F006ABF4D /* Images.xcassets */,
				292B00C91B1DB91F006ABF4D /* LaunchScreen.xib */,
				292B00BE1B1DB91F006ABF4D /* tableRefresh.xcdatamodeld */,
				292B00B71B1DB91F006ABF4D /* Supporting Files */,
				292B01171B1EF84B006ABF4D /* TableViewCell.h */,
				292B01181B1EF84B006ABF4D /* TableViewCell.m */,
			);
			path = tableRefresh;
			sourceTree = "<group>";
		};
		292B00B71B1DB91F006ABF4D /* Supporting Files */ = {
			isa = PBXGroup;
			children = (
				292B00B81B1DB91F006ABF4D /* Info.plist */,
				292B00B91B1DB91F006ABF4D /* main.m */,
			);
			name = "Supporting Files";
			sourceTree = "<group>";
		};
		292B00D31B1DB91F006ABF4D /* tableRefreshTests */ = {
			isa = PBXGroup;
			children = (
				292B00D61B1DB91F006ABF4D /* tableRefreshTests.m */,
				292B00D41B1DB91F006ABF4D /* Supporting Files */,
			);
			path = tableRefreshTests;
			sourceTree = "<group>";
		};
		292B00D41B1DB91F006ABF4D /* Supporting Files */ = {
			isa = PBXGroup;
			children = (
				292B00D51B1DB91F006ABF4D /* Info.plist */,
			);
			name = "Supporting Files";
			sourceTree = "<group>";
		};
		292B00E01B1DB9D6006ABF4D /* AFNetworking */ = {
			isa = PBXGroup;
			children = (
				292B00E11B1DB9D6006ABF4D /* AFHTTPRequestOperation.h */,
				292B00E21B1DB9D6006ABF4D /* AFHTTPRequestOperation.m */,
				292B00E31B1DB9D6006ABF4D /* AFHTTPRequestOperationManager.h */,
				292B00E41B1DB9D6006ABF4D /* AFHTTPRequestOperationManager.m */,
				292B00E51B1DB9D6006ABF4D /* AFHTTPSessionManager.h */,
				292B00E61B1DB9D6006ABF4D /* AFHTTPSessionManager.m */,
				292B00E71B1DB9D6006ABF4D /* AFNetworking.h */,
				292B00E81B1DB9D6006ABF4D /* AFNetworkReachabilityManager.h */,
				292B00E91B1DB9D6006ABF4D /* AFNetworkReachabilityManager.m */,
				292B00EA1B1DB9D6006ABF4D /* AFSecurityPolicy.h */,
				292B00EB1B1DB9D6006ABF4D /* AFSecurityPolicy.m */,
				292B00EC1B1DB9D6006ABF4D /* AFURLConnectionOperation.h */,
				292B00ED1B1DB9D6006ABF4D /* AFURLConnectionOperation.m */,
				292B00EE1B1DB9D6006ABF4D /* AFURLRequestSerialization.h */,
				292B00EF1B1DB9D6006ABF4D /* AFURLRequestSerialization.m */,
				292B00F01B1DB9D6006ABF4D /* AFURLResponseSerialization.h */,
				292B00F11B1DB9D6006ABF4D /* AFURLResponseSerialization.m */,
				292B00F21B1DB9D6006ABF4D /* AFURLSessionManager.h */,
				292B00F31B1DB9D6006ABF4D /* AFURLSessionManager.m */,
			);
			path = AFNetworking;
			sourceTree = "<group>";
		};
		292B00F41B1DB9D6006ABF4D /* UIKit+AFNetworking */ = {
			isa = PBXGroup;
			children = (
				292B00F51B1DB9D6006ABF4D /* AFNetworkActivityIndicatorManager.h */,
				292B00F61B1DB9D6006ABF4D /* AFNetworkActivityIndicatorManager.m */,
				292B00F71B1DB9D6006ABF4D /* UIActivityIndicatorView+AFNetworking.h */,
				292B00F81B1DB9D6006ABF4D /* UIActivityIndicatorView+AFNetworking.m */,
				292B00F91B1DB9D6006ABF4D /* UIAlertView+AFNetworking.h */,
				292B00FA1B1DB9D6006ABF4D /* UIAlertView+AFNetworking.m */,
				292B00FB1B1DB9D6006ABF4D /* UIButton+AFNetworking.h */,
				292B00FC1B1DB9D6006ABF4D /* UIButton+AFNetworking.m */,
				292B00FD1B1DB9D6006ABF4D /* UIImageView+AFNetworking.h */,
				292B00FE1B1DB9D6006ABF4D /* UIImageView+AFNetworking.m */,
				292B00FF1B1DB9D6006ABF4D /* UIKit+AFNetworking.h */,
				292B01001B1DB9D6006ABF4D /* UIProgressView+AFNetworking.h */,
				292B01011B1DB9D6006ABF4D /* UIProgressView+AFNetworking.m */,
				292B01021B1DB9D6006ABF4D /* UIRefreshControl+AFNetworking.h */,
				292B01031B1DB9D6006ABF4D /* UIRefreshControl+AFNetworking.m */,
				292B01041B1DB9D6006ABF4D /* UIWebView+AFNetworking.h */,
				292B01051B1DB9D6006ABF4D /* UIWebView+AFNetworking.m */,
			);
			path = "UIKit+AFNetworking";
			sourceTree = "<group>";
		};
		292B01271B1F00B4006ABF4D /* AsyncImageView */ = {
			isa = PBXGroup;
			children = (
				292B01281B1F00B4006ABF4D /* AsyncImageView.h */,
				292B01291B1F00B4006ABF4D /* AsyncImageView.m */,
			);
			path = AsyncImageView;
			sourceTree = "<group>";
		};
/* End PBXGroup section */

/* Begin PBXNativeTarget section */
		292B00B31B1DB91F006ABF4D /* tableRefresh */ = {
			isa = PBXNativeTarget;
			buildConfigurationList = 292B00DA1B1DB91F006ABF4D /* Build configuration list for PBXNativeTarget "tableRefresh" */;
			buildPhases = (
				292B00B01B1DB91F006ABF4D /* Sources */,
				292B00B11B1DB91F006ABF4D /* Frameworks */,
				292B00B21B1DB91F006ABF4D /* Resources */,
			);
			buildRules = (
			);
			dependencies = (
			);
			name = tableRefresh;
			productName = tableRefresh;
			productReference = 292B00B41B1DB91F006ABF4D /* tableRefresh.app */;
			productType = "com.apple.product-type.application";
		};
		292B00CF1B1DB91F006ABF4D /* tableRefreshTests */ = {
			isa = PBXNativeTarget;
			buildConfigurationList = 292B00DD1B1DB91F006ABF4D /* Build configuration list for PBXNativeTarget "tableRefreshTests" */;
			buildPhases = (
				292B00CC1B1DB91F006ABF4D /* Sources */,
				292B00CD1B1DB91F006ABF4D /* Frameworks */,
				292B00CE1B1DB91F006ABF4D /* Resources */,
			);
			buildRules = (
			);
			dependencies = (
				292B00D21B1DB91F006ABF4D /* PBXTargetDependency */,
			);
			name = tableRefreshTests;
			productName = tableRefreshTests;
			productReference = 292B00D01B1DB91F006ABF4D /* tableRefreshTests.xctest */;
			productType = "com.apple.product-type.bundle.unit-test";
		};
/* End PBXNativeTarget section */

/* Begin PBXProject section */
		292B00AC1B1DB91F006ABF4D /* Project object */ = {
			isa = PBXProject;
			attributes = {
				LastUpgradeCheck = 0630;
				ORGANIZATIONNAME = mawaqaa;
				TargetAttributes = {
					292B00B31B1DB91F006ABF4D = {
						CreatedOnToolsVersion = 6.3.1;
					};
					292B00CF1B1DB91F006ABF4D = {
						CreatedOnToolsVersion = 6.3.1;
						TestTargetID = 292B00B31B1DB91F006ABF4D;
					};
				};
			};
			buildConfigurationList = 292B00AF1B1DB91F006ABF4D /* Build configuration list for PBXProject "tableRefresh" */;
			compatibilityVersion = "Xcode 3.2";
			developmentRegion = English;
			hasScannedForEncodings = 0;
			knownRegions = (
				en,
				Base,
			);
			mainGroup = 292B00AB1B1DB91F006ABF4D;
			productRefGroup = 292B00B51B1DB91F006ABF4D /* Products */;
			projectDirPath = "";
			projectRoot = "";
			targets = (
				292B00B31B1DB91F006ABF4D /* tableRefresh */,
				292B00CF1B1DB91F006ABF4D /* tableRefreshTests */,
			);
		};
/* End PBXProject section */

/* Begin PBXResourcesBuildPhase section */
		292B00B21B1DB91F006ABF4D /* Resources */ = {
			isa = PBXResourcesBuildPhase;
			buildActionMask = 2147483647;
			files = (
				292B00C61B1DB91F006ABF4D /* Main.storyboard in Resources */,
				292B00CB1B1DB91F006ABF4D /* LaunchScreen.xib in Resources */,
				292B00C81B1DB91F006ABF4D /* Images.xcassets in Resources */,
			);
			runOnlyForDeploymentPostprocessing = 0;
		};
		292B00CE1B1DB91F006ABF4D /* Resources */ = {
			isa = PBXResourcesBuildPhase;
			buildActionMask = 2147483647;
			files = (
			);
			runOnlyForDeploymentPostprocessing = 0;
		};
/* End PBXResourcesBuildPhase section */

/* Begin PBXSourcesBuildPhase section */
		292B00B01B1DB91F006ABF4D /* Sources */ = {
			isa = PBXSourcesBuildPhase;
			buildActionMask = 2147483647;
			files = (
				292B01141B1DB9D6006ABF4D /* UIProgressView+AFNetworking.m in Sources */,
				292B01121B1DB9D6006ABF4D /* UIButton+AFNetworking.m in Sources */,
				292B01151B1DB9D6006ABF4D /* UIRefreshControl+AFNetworking.m in Sources */,
				292B01111B1DB9D6006ABF4D /* UIAlertView+AFNetworking.m in Sources */,
				292B00BD1B1DB91F006ABF4D /* AppDelegate.m in Sources */,
				292B012A1B1F00B4006ABF4D /* AsyncImageView.m in Sources */,
				292B010A1B1DB9D6006ABF4D /* AFSecurityPolicy.m in Sources */,
				292B00BA1B1DB91F006ABF4D /* main.m in Sources */,
				292B01071B1DB9D6006ABF4D /* AFHTTPRequestOperationManager.m in Sources */,
				292B010B1B1DB9D6006ABF4D /* AFURLConnectionOperation.m in Sources */,
				292B01191B1EF84B006ABF4D /* TableViewCell.m in Sources */,
				292B01131B1DB9D6006ABF4D /* UIImageView+AFNetworking.m in Sources */,
				292B01061B1DB9D6006ABF4D /* AFHTTPRequestOperation.m in Sources */,
				292B01101B1DB9D6006ABF4D /* UIActivityIndicatorView+AFNetworking.m in Sources */,
				292B00C31B1DB91F006ABF4D /* ViewController.m in Sources */,
				292B010C1B1DB9D6006ABF4D /* AFURLRequestSerialization.m in Sources */,
				292B01081B1DB9D6006ABF4D /* AFHTTPSessionManager.m in Sources */,
				292B01091B1DB9D6006ABF4D /* AFNetworkReachabilityManager.m in Sources */,
				292B010D1B1DB9D6006ABF4D /* AFURLResponseSerialization.m in Sources */,
				292B01161B1DB9D6006ABF4D /* UIWebView+AFNetworking.m in Sources */,
				292B010E1B1DB9D6006ABF4D /* AFURLSessionManager.m in Sources */,
				292B010F1B1DB9D6006ABF4D /* AFNetworkActivityIndicatorManager.m in Sources */,
				292B00C01B1DB91F006ABF4D /* tableRefresh.xcdatamodeld in Sources */,
			);
			runOnlyForDeploymentPostprocessing = 0;
		};
		292B00CC1B1DB91F006ABF4D /* Sources */ = {
			isa = PBXSourcesBuildPhase;
			buildActionMask = 2147483647;
			files = (
				292B00D71B1DB91F006ABF4D /* tableRefreshTests.m in Sources */,
			);
			runOnlyForDeploymentPostprocessing = 0;
		};
/* End PBXSourcesBuildPhase section */

/* Begin PBXTargetDependency section */
		292B00D21B1DB91F006ABF4D /* PBXTargetDependency */ = {
			isa = PBXTargetDependency;
			target = 292B00B31B1DB91F006ABF4D /* tableRefresh */;
			targetProxy = 292B00D11B1DB91F006ABF4D /* PBXContainerItemProxy */;
		};
/* End PBXTargetDependency section */

/* Begin PBXVariantGroup section */
		292B00C41B1DB91F006ABF4D /* Main.storyboard */ = {
			isa = PBXVariantGroup;
			children = (
				292B00C51B1DB91F006ABF4D /* Base */,
			);
			name = Main.storyboard;
			sourceTree = "<group>";
		};
		292B00C91B1DB91F006ABF4D /* LaunchScreen.xib */ = {
			isa = PBXVariantGroup;
			children = (
				292B00CA1B1DB91F006ABF4D /* Base */,
			);
			name = LaunchScreen.xib;
			sourceTree = "<group>";
		};
/* End PBXVariantGroup section */

/* Begin XCBuildConfiguration section */
		292B00D81B1DB91F006ABF4D /* Debug */ = {
			isa = XCBuildConfiguration;
			buildSettings = {
				ALWAYS_SEARCH_USER_PATHS = NO;
				CLANG_CXX_LANGUAGE_STANDARD = "gnu++0x";
				CLANG_CXX_LIBRARY = "libc++";
				CLANG_ENABLE_MODULES = YES;
				CLANG_ENABLE_OBJC_ARC = YES;
				CLANG_WARN_BOOL_CONVERSION = YES;
				CLANG_WARN_CONSTANT_CONVERSION = YES;
				CLANG_WARN_DIRECT_OBJC_ISA_USAGE = YES_ERROR;
				CLANG_WARN_EMPTY_BODY = YES;
				CLANG_WARN_ENUM_CONVERSION = YES;
				CLANG_WARN_INT_CONVERSION = YES;
				CLANG_WARN_OBJC_ROOT_CLASS = YES_ERROR;
				CLANG_WARN_UNREACHABLE_CODE = YES;
				CLANG_WARN__DUPLICATE_METHOD_MATCH = YES;
				"CODE_SIGN_IDENTITY[sdk=iphoneos*]" = "iPhone Developer";
				COPY_PHASE_STRIP = NO;
				DEBUG_INFORMATION_FORMAT = "dwarf-with-dsym";
				ENABLE_STRICT_OBJC_MSGSEND = YES;
				GCC_C_LANGUAGE_STANDARD = gnu99;
				GCC_DYNAMIC_NO_PIC = NO;
				GCC_NO_COMMON_BLOCKS = YES;
				GCC_OPTIMIZATION_LEVEL = 0;
				GCC_PREPROCESSOR_DEFINITIONS = (
					"DEBUG=1",
					"$(inherited)",
				);
				GCC_SYMBOLS_PRIVATE_EXTERN = NO;
				GCC_WARN_64_TO_32_BIT_CONVERSION = YES;
				GCC_WARN_ABOUT_RETURN_TYPE = YES_ERROR;
				GCC_WARN_UNDECLARED_SELECTOR = YES;
				GCC_WARN_UNINITIALIZED_AUTOS = YES_AGGRESSIVE;
				GCC_WARN_UNUSED_FUNCTION = YES;
				GCC_WARN_UNUSED_VARIABLE = YES;
				IPHONEOS_DEPLOYMENT_TARGET = 8.3;
				MTL_ENABLE_DEBUG_INFO = YES;
				ONLY_ACTIVE_ARCH = YES;
				SDKROOT = iphoneos;
			};
			name = Debug;
		};
		292B00D91B1DB91F006ABF4D /* Release */ = {
			isa = XCBuildConfiguration;
			buildSettings = {
				ALWAYS_SEARCH_USER_PATHS = NO;
				CLANG_CXX_LANGUAGE_STANDARD = "gnu++0x";
				CLANG_CXX_LIBRARY = "libc++";
				CLANG_ENABLE_MODULES = YES;
				CLANG_ENABLE_OBJC_ARC = YES;
				CLANG_WARN_BOOL_CONVERSION = YES;
				CLANG_WARN_CONSTANT_CONVERSION = YES;
				CLANG_WARN_DIRECT_OBJC_ISA_USAGE = YES_ERROR;
				CLANG_WARN_EMPTY_BODY = YES;
				CLANG_WARN_ENUM_CONVERSION = YES;
				CLANG_WARN_INT_CONVERSION = YES;
				CLANG_WARN_OBJC_ROOT_CLASS = YES_ERROR;
				CLANG_WARN_UNREACHABLE_CODE = YES;
				CLANG_WARN__DUPLICATE_METHOD_MATCH = YES;
				"CODE_SIGN_IDENTITY[sdk=iphoneos*]" = "iPhone Developer";
				COPY_PHASE_STRIP = NO;
				DEBUG_INFORMATION_FORMAT = "dwarf-with-dsym";
				ENABLE_NS_ASSERTIONS = NO;
				ENABLE_STRICT_OBJC_MSGSEND = YES;
				GCC_C_LANGUAGE_STANDARD = gnu99;
				GCC_NO_COMMON_BLOCKS = YES;
				GCC_WARN_64_TO_32_BIT_CONVERSION = YES;
				GCC_WARN_ABOUT_RETURN_TYPE = YES_ERROR;
				GCC_WARN_UNDECLARED_SELECTOR = YES;
				GCC_WARN_UNINITIALIZED_AUTOS = YES_AGGRESSIVE;
				GCC_WARN_UNUSED_FUNCTION = YES;
				GCC_WARN_UNUSED_VARIABLE = YES;
				IPHONEOS_DEPLOYMENT_TARGET = 8.3;
				MTL_ENABLE_DEBUG_INFO = NO;
				SDKROOT = iphoneos;
				VALIDATE_PRODUCT = YES;
			};
			name = Release;
		};
		292B00DB1B1DB91F006ABF4D /* Debug */ = {
			isa = XCBuildConfiguration;
			buildSettings = {
				ASSETCATALOG_COMPILER_APPICON_NAME = AppIcon;
				INFOPLIST_FILE = tableRefresh/Info.plist;
				LD_RUNPATH_SEARCH_PATHS = "$(inherited) @executable_path/Frameworks";
				PRODUCT_NAME = "$(TARGET_NAME)";
			};
			name = Debug;
		};
		292B00DC1B1DB91F006ABF4D /* Release */ = {
			isa = XCBuildConfiguration;
			buildSettings = {
				ASSETCATALOG_COMPILER_APPICON_NAME = AppIcon;
				INFOPLIST_FILE = tableRefresh/Info.plist;
				LD_RUNPATH_SEARCH_PATHS = "$(inherited) @executable_path/Frameworks";
				PRODUCT_NAME = "$(TARGET_NAME)";
			};
			name = Release;
		};
		292B00DE1B1DB91F006ABF4D /* Debug */ = {
			isa = XCBuildConfiguration;
			buildSettings = {
				BUNDLE_LOADER = "$(TEST_HOST)";
				FRAMEWORK_SEARCH_PATHS = (
					"$(SDKROOT)/Developer/Library/Frameworks",
					"$(inherited)",
				);
				GCC_PREPROCESSOR_DEFINITIONS = (
					"DEBUG=1",
					"$(inherited)",
				);
				INFOPLIST_FILE = tableRefreshTests/Info.plist;
				LD_RUNPATH_SEARCH_PATHS = "$(inherited) @executable_path/Frameworks @loader_path/Frameworks";
				PRODUCT_NAME = "$(TARGET_NAME)";
				TEST_HOST = "$(BUILT_PRODUCTS_DIR)/tableRefresh.app/tableRefresh";
			};
			name = Debug;
		};
		292B00DF1B1DB91F006ABF4D /* Release */ = {
			isa = XCBuildConfiguration;
			buildSettings = {
				BUNDLE_LOADER = "$(TEST_HOST)";
				FRAMEWORK_SEARCH_PATHS = (
					"$(SDKROOT)/Developer/Library/Frameworks",
					"$(inherited)",
				);
				INFOPLIST_FILE = tableRefreshTests/Info.plist;
				LD_RUNPATH_SEARCH_PATHS = "$(inherited) @executable_path/Frameworks @loader_path/Frameworks";
				PRODUCT_NAME = "$(TARGET_NAME)";
				TEST_HOST = "$(BUILT_PRODUCTS_DIR)/tableRefresh.app/tableRefresh";
			};
			name = Release;
		};
/* End XCBuildConfiguration section */

/* Begin XCConfigurationList section */
		292B00AF1B1DB91F006ABF4D /* Build configuration list for PBXProject "tableRefresh" */ = {
			isa = XCConfigurationList;
			buildConfigurations = (
				292B00D81B1DB91F006ABF4D /* Debug */,
				292B00D91B1DB91F006ABF4D /* Release */,
			);
			defaultConfigurationIsVisible = 0;
			defaultConfigurationName = Release;
		};
		292B00DA1B1DB91F006ABF4D /* Build configuration list for PBXNativeTarget "tableRefresh" */ = {
			isa = XCConfigurationList;
			buildConfigurations = (
				292B00DB1B1DB91F006ABF4D /* Debug */,
				292B00DC1B1DB91F006ABF4D /* Release */,
			);
			defaultConfigurationIsVisible = 0;
		};
		292B00DD1B1DB91F006ABF4D /* Build configuration list for PBXNativeTarget "tableRefreshTests" */ = {
			isa = XCConfigurationList;
			buildConfigurations = (
				292B00DE1B1DB91F006ABF4D /* Debug */,
				292B00DF1B1DB91F006ABF4D /* Release */,
			);
			defaultConfigurationIsVisible = 0;
		};
/* End XCConfigurationList section */

/* Begin XCVersionGroup section */
		292B00BE1B1DB91F006ABF4D /* tableRefresh.xcdatamodeld */ = {
			isa = XCVersionGroup;
			children = (
				292B00BF1B1DB91F006ABF4D /* tableRefresh.xcdatamodel */,
			);
			currentVersion = 292B00BF1B1DB91F006ABF4D /* tableRefresh.xcdatamodel */;
			path = tableRefresh.xcdatamodeld;
			sourceTree = "<group>";
			versionGroupType = wrapper.xcdatamodel;
		};
/* End XCVersionGroup section */
	};
	rootObject = 292B00AC1B1DB91F006ABF4D /* Project object */;
}
